
Microsoft Visual Studio Solution File, Format Version 12.00
# Visual Studio 15
VisualStudioVersion = 15.0.27004.2009
MinimumVisualStudioVersion = 10.0.40219.1
Project("{9A19103F-16F7-4668-BE54-9A1E7A4F7556}") = "PostSharpSpeeltuin", "PostSharpSpeeltuin\PostSharpSpeeltuin.csproj", "{A8A5D43B-721F-4D0A-AED3-46048782A20F}"
EndProject
Project("{9A19103F-16F7-4668-BE54-9A1E7A4F7556}") = "PostSharpSpeeltuin.Implementation", "PostSharpSpeeltuin.Implementation\PostSharpSpeeltuin.Implementation.csproj", "{EBEE24DA-CB9C-4B4D-8083-4288B94E594A}"
EndProject
Global
	GlobalSection(SolutionConfigurationPlatforms) = preSolution
		Debug|Any CPU = Debug|Any CPU
		Release|Any CPU = Release|Any CPU
	EndGlobalSection
	GlobalSection(ProjectConfigurationPlatforms) = postSolution
		{A8A5D43B-721F-4D0A-AED3-46048782A20F}.Debug|Any CPU.ActiveCfg = Debug|Any CPU
		{A8A5D43B-721F-4D0A-AED3-46048782A20F}.Debug|Any CPU.Build.0 = Debug|Any CPU
		{A8A5D43B-721F-4D0A-AED3-46048782A20F}.Release|Any CPU.ActiveCfg = Release|Any CPU
		{A8A5D43B-721F-4D0A-AED3-46048782A20F}.Release|Any CPU.Build.0 = Release|Any CPU
		{EBEE24DA-CB9C-4B4D-8083-4288B94E594A}.Debug|Any CPU.ActiveCfg = Debug|Any CPU
		{EBEE24DA-CB9C-4B4D-8083-4288B94E594A}.Debug|Any CPU.Build.0 = Debug|Any CPU
		{EBEE24DA-CB9C-4B4D-8083-4288B94E594A}.Release|Any CPU.ActiveCfg = Release|Any CPU
		{EBEE24DA-CB9C-4B4D-8083-4288B94E594A}.Release|Any CPU.Build.0 = Release|Any CPU
	EndGlobalSection
	GlobalSection(SolutionProperties) = preSolution
		HideSolutionNode = FALSE
	EndGlobalSection
	GlobalSection(ExtensibilityGlobals) = postSolution
		SolutionGuid = {83C17F43-F611-4DFD-A1C7-9445F39368DA}
	EndGlobalSection
EndGlobal
